
Microsoft Visual Studio Solution File, Format Version 12.00
# Visual Studio Version 17
VisualStudioVersion = 17.5.33516.290
MinimumVisualStudioVersion = 10.0.40219.1
Project("{FAE04EC0-301F-11D3-BF4B-00C04F79EFBC}") = "JOB_PORTAL_WEBAPP", "JOB_PORTAL_WEBAPP.csproj", "{8C6374E7-DA0D-44DE-8455-CBC3BB232BE8}"
EndProject
Global
	GlobalSection(SolutionConfigurationPlatforms) = preSolution
		Debug|Any CPU = Debug|Any CPU
		Release|Any CPU = Release|Any CPU
	EndGlobalSection
	GlobalSection(ProjectConfigurationPlatforms) = postSolution
		{8C6374E7-DA0D-44DE-8455-CBC3BB232BE8}.Debug|Any CPU.ActiveCfg = Debug|Any CPU
		{8C6374E7-DA0D-44DE-8455-CBC3BB232BE8}.Debug|Any CPU.Build.0 = Debug|Any CPU
		{8C6374E7-DA0D-44DE-8455-CBC3BB232BE8}.Release|Any CPU.ActiveCfg = Release|Any CPU
		{8C6374E7-DA0D-44DE-8455-CBC3BB232BE8}.Release|Any CPU.Build.0 = Release|Any CPU
	EndGlobalSection
	GlobalSection(SolutionProperties) = preSolution
		HideSolutionNode = FALSE
	EndGlobalSection
	GlobalSection(ExtensibilityGlobals) = postSolution
		SolutionGuid = {43F7E9A7-9880-417F-A5B3-0EE1D407B4D3}
	EndGlobalSection
EndGlobal
